
Microsoft Visual Studio Solution File, Format Version 12.00
# Visual Studio 2012
Project("{FAE04EC0-301F-11D3-BF4B-00C04F79EFBC}") = "Domain", "DevAchievements.Domain\Domain.csproj", "{E2D7FB94-6D05-40B5-8DA7-2D39BFFBB204}"
EndProject
Project("{FAE04EC0-301F-11D3-BF4B-00C04F79EFBC}") = "Domain.UnitTests", "DevAchievements.Domain.UnitTests\Domain.UnitTests.csproj", "{15BBC168-69E5-4E3F-B098-9144AEAB122F}"
EndProject
Project("{FAE04EC0-301F-11D3-BF4B-00C04F79EFBC}") = "Infrastructure.AchievementProviders", "DevAchievements.Infrastructure.AchievementProviders\Infrastructure.AchievementProviders.csproj", "{550462B6-746B-471E-965A-7483B5E18764}"
EndProject
Project("{FAE04EC0-301F-11D3-BF4B-00C04F79EFBC}") = "Infrastructure.AchievementProviders.FunctionalTests", "DevAchievements.Infrastructure.AchievementProviders.FunctionalTests\Infrastructure.AchievementProviders.FunctionalTests.csproj", "{6DD44E0D-0D67-4A0E-83C1-732D5FE9A65D}"
EndProject
Project("{2150E333-8FDC-42A3-9474-1A3956D46DE8}") = ".nuget", ".nuget", "{6E95284A-D685-47ED-B940-C5F0227F8FDF}"
	ProjectSection(SolutionItems) = preProject
		.nuget\NuGet.Config = .nuget\NuGet.Config
		.nuget\NuGet.exe = .nuget\NuGet.exe
		.nuget\NuGet.targets = .nuget\NuGet.targets
	EndProjectSection
EndProject
Project("{FAE04EC0-301F-11D3-BF4B-00C04F79EFBC}") = "Application", "DevAchievements.Application\Application.csproj", "{F3CE9B1D-65C2-4BEE-9F76-BE6D3CC2FA79}"
EndProject
Project("{FAE04EC0-301F-11D3-BF4B-00C04F79EFBC}") = "WebApp", "DevAchievements.WebApp\WebApp.csproj", "{8D643429-DD20-4055-BEEE-C3F68ECA4FBD}"
EndProject
Project("{FAE04EC0-301F-11D3-BF4B-00C04F79EFBC}") = "Infrastructure.Web", "DevAchievements.Infrastructure.Web\Infrastructure.Web.csproj", "{F88388FC-CF47-46D8-AD5A-1274A003079F}"
EndProject
Project("{FAE04EC0-301F-11D3-BF4B-00C04F79EFBC}") = "Infrastructure.Repositories", "DevAchievements.Infrastructure.Repositories\Infrastructure.Repositories.csproj", "{E581B8D0-5A34-492E-8FFF-64A41394F222}"
EndProject
Project("{FAE04EC0-301F-11D3-BF4B-00C04F79EFBC}") = "Infrastructure.Web.UnitTests", "DevAchievements.Infrastructure.Web.UnitTests\Infrastructure.Web.UnitTests.csproj", "{B567CB4A-0772-4F6D-8507-83ED7B32B7C7}"
EndProject
Project("{FAE04EC0-301F-11D3-BF4B-00C04F79EFBC}") = "WebApp.FunctionalTests", "DevAchievements.WebApp.FunctionalTests\WebApp.FunctionalTests.csproj", "{A3711C31-2B21-400B-8225-1A93E985F257}"
EndProject
Global
	GlobalSection(SolutionConfigurationPlatforms) = preSolution
		Debug|Any CPU = Debug|Any CPU
		Release|Any CPU = Release|Any CPU
	EndGlobalSection
	GlobalSection(ProjectConfigurationPlatforms) = postSolution
		{15BBC168-69E5-4E3F-B098-9144AEAB122F}.Debug|Any CPU.ActiveCfg = Debug|Any CPU
		{15BBC168-69E5-4E3F-B098-9144AEAB122F}.Debug|Any CPU.Build.0 = Debug|Any CPU
		{15BBC168-69E5-4E3F-B098-9144AEAB122F}.Release|Any CPU.ActiveCfg = Release|Any CPU
		{15BBC168-69E5-4E3F-B098-9144AEAB122F}.Release|Any CPU.Build.0 = Release|Any CPU
		{550462B6-746B-471E-965A-7483B5E18764}.Debug|Any CPU.ActiveCfg = Debug|Any CPU
		{550462B6-746B-471E-965A-7483B5E18764}.Debug|Any CPU.Build.0 = Debug|Any CPU
		{550462B6-746B-471E-965A-7483B5E18764}.Release|Any CPU.ActiveCfg = Release|Any CPU
		{550462B6-746B-471E-965A-7483B5E18764}.Release|Any CPU.Build.0 = Release|Any CPU
		{6DD44E0D-0D67-4A0E-83C1-732D5FE9A65D}.Debug|Any CPU.ActiveCfg = Debug|Any CPU
		{6DD44E0D-0D67-4A0E-83C1-732D5FE9A65D}.Debug|Any CPU.Build.0 = Debug|Any CPU
		{6DD44E0D-0D67-4A0E-83C1-732D5FE9A65D}.Release|Any CPU.ActiveCfg = Release|Any CPU
		{6DD44E0D-0D67-4A0E-83C1-732D5FE9A65D}.Release|Any CPU.Build.0 = Release|Any CPU
		{8D643429-DD20-4055-BEEE-C3F68ECA4FBD}.Debug|Any CPU.ActiveCfg = Debug|Any CPU
		{8D643429-DD20-4055-BEEE-C3F68ECA4FBD}.Debug|Any CPU.Build.0 = Debug|Any CPU
		{8D643429-DD20-4055-BEEE-C3F68ECA4FBD}.Release|Any CPU.ActiveCfg = Release|Any CPU
		{8D643429-DD20-4055-BEEE-C3F68ECA4FBD}.Release|Any CPU.Build.0 = Release|Any CPU
		{A3711C31-2B21-400B-8225-1A93E985F257}.Debug|Any CPU.ActiveCfg = Debug|Any CPU
		{A3711C31-2B21-400B-8225-1A93E985F257}.Debug|Any CPU.Build.0 = Debug|Any CPU
		{A3711C31-2B21-400B-8225-1A93E985F257}.Release|Any CPU.ActiveCfg = Release|Any CPU
		{A3711C31-2B21-400B-8225-1A93E985F257}.Release|Any CPU.Build.0 = Release|Any CPU
		{B567CB4A-0772-4F6D-8507-83ED7B32B7C7}.Debug|Any CPU.ActiveCfg = Debug|Any CPU
		{B567CB4A-0772-4F6D-8507-83ED7B32B7C7}.Debug|Any CPU.Build.0 = Debug|Any CPU
		{B567CB4A-0772-4F6D-8507-83ED7B32B7C7}.Release|Any CPU.ActiveCfg = Release|Any CPU
		{B567CB4A-0772-4F6D-8507-83ED7B32B7C7}.Release|Any CPU.Build.0 = Release|Any CPU
		{E2D7FB94-6D05-40B5-8DA7-2D39BFFBB204}.Debug|Any CPU.ActiveCfg = Debug|Any CPU
		{E2D7FB94-6D05-40B5-8DA7-2D39BFFBB204}.Debug|Any CPU.Build.0 = Debug|Any CPU
		{E2D7FB94-6D05-40B5-8DA7-2D39BFFBB204}.Release|Any CPU.ActiveCfg = Release|Any CPU
		{E2D7FB94-6D05-40B5-8DA7-2D39BFFBB204}.Release|Any CPU.Build.0 = Release|Any CPU
		{E581B8D0-5A34-492E-8FFF-64A41394F222}.Debug|Any CPU.ActiveCfg = Debug|Any CPU
		{E581B8D0-5A34-492E-8FFF-64A41394F222}.Debug|Any CPU.Build.0 = Debug|Any CPU
		{E581B8D0-5A34-492E-8FFF-64A41394F222}.Release|Any CPU.ActiveCfg = Release|Any CPU
		{E581B8D0-5A34-492E-8FFF-64A41394F222}.Release|Any CPU.Build.0 = Release|Any CPU
		{F3CE9B1D-65C2-4BEE-9F76-BE6D3CC2FA79}.Debug|Any CPU.ActiveCfg = Debug|Any CPU
		{F3CE9B1D-65C2-4BEE-9F76-BE6D3CC2FA79}.Debug|Any CPU.Build.0 = Debug|Any CPU
		{F3CE9B1D-65C2-4BEE-9F76-BE6D3CC2FA79}.Release|Any CPU.ActiveCfg = Release|Any CPU
		{F3CE9B1D-65C2-4BEE-9F76-BE6D3CC2FA79}.Release|Any CPU.Build.0 = Release|Any CPU
		{F88388FC-CF47-46D8-AD5A-1274A003079F}.Debug|Any CPU.ActiveCfg = Debug|Any CPU
		{F88388FC-CF47-46D8-AD5A-1274A003079F}.Debug|Any CPU.Build.0 = Debug|Any CPU
		{F88388FC-CF47-46D8-AD5A-1274A003079F}.Release|Any CPU.ActiveCfg = Release|Any CPU
		{F88388FC-CF47-46D8-AD5A-1274A003079F}.Release|Any CPU.Build.0 = Release|Any CPU
	EndGlobalSection
	GlobalSection(NestedProjects) = preSolution
	EndGlobalSection
	GlobalSection(MonoDevelopProperties) = preSolution
		StartupItem = DevAchievements.WebApp\WebApp.csproj
		Policies = $0
		$0.DotNetNamingPolicy = $1
		$1.DirectoryNamespaceAssociation = PrefixedHierarchical
		$1.ResourceNamePolicy = FileFormatDefault
		$0.TextStylePolicy = $2
		$2.inheritsSet = VisualStudio
		$2.inheritsScope = text/plain
		$2.scope = text/x-csharp
		$0.CSharpFormattingPolicy = $3
		$3.IndentSwitchBody = True
		$3.AnonymousMethodBraceStyle = NextLine
		$3.PropertyBraceStyle = NextLine
		$3.PropertyGetBraceStyle = NextLine
		$3.PropertySetBraceStyle = NextLine
		$3.EventBraceStyle = NextLine
		$3.EventAddBraceStyle = NextLine
		$3.EventRemoveBraceStyle = NextLine
		$3.StatementBraceStyle = NextLine
		$3.ElseNewLinePlacement = NewLine
		$3.CatchNewLinePlacement = NewLine
		$3.FinallyNewLinePlacement = NewLine
		$3.WhileNewLinePlacement = DoNotCare
		$3.ArrayInitializerWrapping = DoNotChange
		$3.ArrayInitializerBraceStyle = NextLine
		$3.BeforeMethodDeclarationParentheses = False
		$3.BeforeMethodCallParentheses = False
		$3.BeforeConstructorDeclarationParentheses = False
		$3.BeforeDelegateDeclarationParentheses = False
		$3.NewParentheses = False
		$3.SpacesBeforeBrackets = False
		$3.BlankLinesAroundRegion = 0
		$3.BlankLinesInsideRegion = 0
		$3.inheritsSet = Mono
		$3.inheritsScope = text/x-csharp
		$3.scope = text/x-csharp
		$0.StandardHeader = $4
		$4.Text = 
		$4.IncludeInNewFiles = True
		$0.TextStylePolicy = $5
		$5.FileWidth = 120
		$5.inheritsSet = VisualStudio
		$5.inheritsScope = text/plain
		$5.scope = text/plain
		$0.TextStylePolicy = $6
		$6.inheritsSet = null
		$6.scope = application/config+xml
		$0.XmlFormattingPolicy = $7
		$7.inheritsSet = null
		$7.scope = application/config+xml
		$0.TextStylePolicy = $8
		$8.inheritsSet = null
		$8.scope = application/x-asax
		$0.TextStylePolicy = $9
		$9.inheritsSet = null
		$9.scope = application/javascript
		$0.TextStylePolicy = $10
		$10.inheritsSet = null
		$10.scope = text/x-cshtml
		$0.TextStylePolicy = $11
		$11.inheritsSet = null
		$11.scope = text/css
		$0.TextStylePolicy = $12
		$12.inheritsSet = null
		$12.scope = image/svg+xml
		$0.XmlFormattingPolicy = $13
		$13.inheritsSet = null
		$13.scope = image/svg+xml
		$0.TextStylePolicy = $14
		$14.inheritsSet = null
		$14.scope = text/html
		$0.TextStylePolicy = $15
		$15.inheritsSet = null
		$15.scope = text/x-less
		$0.NameConventionPolicy = $16
		$16.Rules = $17
		$17.NamingRule = $18
		$18.Name = Namespaces
		$18.AffectedEntity = Namespace
		$18.VisibilityMask = VisibilityMask
		$18.NamingStyle = PascalCase
		$18.IncludeInstanceMembers = True
		$18.IncludeStaticEntities = True
		$17.NamingRule = $19
		$19.Name = Types
		$19.AffectedEntity = Class, Struct, Enum, Delegate
		$19.VisibilityMask = Public
		$19.NamingStyle = PascalCase
		$19.IncludeInstanceMembers = True
		$19.IncludeStaticEntities = True
		$17.NamingRule = $20
		$20.Name = Interfaces
		$20.RequiredPrefixes = $21
		$21.String = I
		$20.AffectedEntity = Interface
		$20.VisibilityMask = Public
		$20.NamingStyle = PascalCase
		$20.IncludeInstanceMembers = True
		$20.IncludeStaticEntities = True
		$17.NamingRule = $22
		$22.Name = Attributes
		$22.RequiredSuffixes = $23
		$23.String = Attribute
		$22.AffectedEntity = CustomAttributes
		$22.VisibilityMask = Public
		$22.NamingStyle = PascalCase
		$22.IncludeInstanceMembers = True
		$22.IncludeStaticEntities = True
		$17.NamingRule = $24
		$24.Name = Event Arguments
		$24.RequiredSuffixes = $25
		$25.String = EventArgs
		$24.AffectedEntity = CustomEventArgs
		$24.VisibilityMask = Public
		$24.NamingStyle = PascalCase
		$24.IncludeInstanceMembers = True
		$24.IncludeStaticEntities = True
		$17.NamingRule = $26
		$26.Name = Exceptions
		$26.RequiredSuffixes = $27
		$27.String = Exception
		$26.AffectedEntity = CustomExceptions
		$26.VisibilityMask = VisibilityMask
		$26.NamingStyle = PascalCase
		$26.IncludeInstanceMembers = True
		$26.IncludeStaticEntities = True
		$17.NamingRule = $28
		$28.Name = Methods
		$28.AffectedEntity = Methods
		$28.VisibilityMask = Protected, Public
		$28.NamingStyle = PascalCase
		$28.IncludeInstanceMembers = True
		$28.IncludeStaticEntities = True
		$17.NamingRule = $29
		$29.Name = Static Readonly Fields
		$29.AffectedEntity = ReadonlyField
		$29.VisibilityMask = Protected, Public
		$29.NamingStyle = PascalCase
		$29.IncludeInstanceMembers = False
		$29.IncludeStaticEntities = True
		$17.NamingRule = $30
		$30.Name = Fields
		$30.AffectedEntity = Field
		$30.VisibilityMask = Protected, Public
		$30.NamingStyle = PascalCase
		$30.IncludeInstanceMembers = True
		$30.IncludeStaticEntities = True
		$17.NamingRule = $31
		$31.Name = ReadOnly Fields
		$31.AffectedEntity = ReadonlyField
		$31.VisibilityMask = Protected, Public
		$31.NamingStyle = PascalCase
		$31.IncludeInstanceMembers = True
		$31.IncludeStaticEntities = False
		$17.NamingRule = $32
		$32.Name = Constant Fields
		$32.AffectedEntity = ConstantField
		$32.VisibilityMask = Protected, Public
		$32.NamingStyle = PascalCase
		$32.IncludeInstanceMembers = True
		$32.IncludeStaticEntities = True
		$17.NamingRule = $33
		$33.Name = Properties
		$33.AffectedEntity = Property
		$33.VisibilityMask = Protected, Public
		$33.NamingStyle = PascalCase
		$33.IncludeInstanceMembers = True
		$33.IncludeStaticEntities = True
		$17.NamingRule = $34
		$34.Name = Events
		$34.AffectedEntity = Event
		$34.VisibilityMask = Protected, Public
		$34.NamingStyle = PascalCase
		$34.IncludeInstanceMembers = True
		$34.IncludeStaticEntities = True
		$17.NamingRule = $35
		$35.Name = Enum Members
		$35.AffectedEntity = EnumMember
		$35.VisibilityMask = VisibilityMask
		$35.NamingStyle = PascalCase
		$35.IncludeInstanceMembers = True
		$35.IncludeStaticEntities = True
		$17.NamingRule = $36
		$36.Name = Parameters
		$36.AffectedEntity = Parameter
		$36.VisibilityMask = VisibilityMask
		$36.NamingStyle = CamelCase
		$36.IncludeInstanceMembers = True
		$36.IncludeStaticEntities = True
		$17.NamingRule = $37
		$37.Name = Type Parameters
		$37.RequiredPrefixes = $38
		$38.String = T
		$37.AffectedEntity = TypeParameter
		$37.VisibilityMask = VisibilityMask
		$37.NamingStyle = PascalCase
		$37.IncludeInstanceMembers = True
		$37.IncludeStaticEntities = True
	EndGlobalSection
	GlobalSection(SolutionProperties) = preSolution
		HideSolutionNode = FALSE
	EndGlobalSection
EndGlobal
